
Microsoft Visual Studio Solution File, Format Version 12.00
# Visual Studio Version 17
VisualStudioVersion = 17.10.35004.147
MinimumVisualStudioVersion = 10.0.40219.1
Project("{2150E333-8FDC-42A3-9474-1A3956D46DE8}") = "Cores", "Cores", "{99A43C70-7F2D-41BA-9FB4-D262470CF43A}"
EndProject
Project("{2150E333-8FDC-42A3-9474-1A3956D46DE8}") = "Helpers", "Helpers", "{113E6007-A53C-4DD2-AD39-B5D50BDB0D5E}"
EndProject
Project("{2150E333-8FDC-42A3-9474-1A3956D46DE8}") = "Apps", "Apps", "{715273BD-9636-4542-B32C-CC9C0CE9A0C0}"
EndProject
Project("{FAE04EC0-301F-11D3-BF4B-00C04F79EFBC}") = "Core", "Core\Core.csproj", "{A228970C-5F2B-4B2F-93E3-8B7BD73C8C22}"
EndProject
Project("{FAE04EC0-301F-11D3-BF4B-00C04F79EFBC}") = "CoreServer", "CoreServer\CoreServer.csproj", "{52E98656-8941-42D2-89B1-E164220BC0B4}"
EndProject
Project("{FAE04EC0-301F-11D3-BF4B-00C04F79EFBC}") = "CoreClient", "CoreClient\CoreClient.csproj", "{50F87629-C036-4A65-96F4-87F6830EBA8B}"
EndProject
Project("{FAE04EC0-301F-11D3-BF4B-00C04F79EFBC}") = "HelperWpf", "HelperWpf\HelperWpf.csproj", "{8A130FFA-3B9C-4066-8279-60C6C0D46315}"
EndProject
Project("{FAE04EC0-301F-11D3-BF4B-00C04F79EFBC}") = "ServerWpf", "ServerWpf\ServerWpf.csproj", "{D3EE14F6-B3E6-4A56-82A0-112E28075F23}"
EndProject
Project("{FAE04EC0-301F-11D3-BF4B-00C04F79EFBC}") = "ClientWpf", "ClientWpf\ClientWpf.csproj", "{56675648-7A05-45F5-9759-DF66697F6D4C}"
EndProject
Global
	GlobalSection(SolutionConfigurationPlatforms) = preSolution
		Debug|Any CPU = Debug|Any CPU
		Release|Any CPU = Release|Any CPU
	EndGlobalSection
	GlobalSection(ProjectConfigurationPlatforms) = postSolution
		{A228970C-5F2B-4B2F-93E3-8B7BD73C8C22}.Debug|Any CPU.ActiveCfg = Debug|Any CPU
		{A228970C-5F2B-4B2F-93E3-8B7BD73C8C22}.Debug|Any CPU.Build.0 = Debug|Any CPU
		{A228970C-5F2B-4B2F-93E3-8B7BD73C8C22}.Release|Any CPU.ActiveCfg = Release|Any CPU
		{A228970C-5F2B-4B2F-93E3-8B7BD73C8C22}.Release|Any CPU.Build.0 = Release|Any CPU
		{52E98656-8941-42D2-89B1-E164220BC0B4}.Debug|Any CPU.ActiveCfg = Debug|Any CPU
		{52E98656-8941-42D2-89B1-E164220BC0B4}.Debug|Any CPU.Build.0 = Debug|Any CPU
		{52E98656-8941-42D2-89B1-E164220BC0B4}.Release|Any CPU.ActiveCfg = Release|Any CPU
		{52E98656-8941-42D2-89B1-E164220BC0B4}.Release|Any CPU.Build.0 = Release|Any CPU
		{50F87629-C036-4A65-96F4-87F6830EBA8B}.Debug|Any CPU.ActiveCfg = Debug|Any CPU
		{50F87629-C036-4A65-96F4-87F6830EBA8B}.Debug|Any CPU.Build.0 = Debug|Any CPU
		{50F87629-C036-4A65-96F4-87F6830EBA8B}.Release|Any CPU.ActiveCfg = Release|Any CPU
		{50F87629-C036-4A65-96F4-87F6830EBA8B}.Release|Any CPU.Build.0 = Release|Any CPU
		{8A130FFA-3B9C-4066-8279-60C6C0D46315}.Debug|Any CPU.ActiveCfg = Debug|Any CPU
		{8A130FFA-3B9C-4066-8279-60C6C0D46315}.Debug|Any CPU.Build.0 = Debug|Any CPU
		{8A130FFA-3B9C-4066-8279-60C6C0D46315}.Release|Any CPU.ActiveCfg = Release|Any CPU
		{8A130FFA-3B9C-4066-8279-60C6C0D46315}.Release|Any CPU.Build.0 = Release|Any CPU
		{D3EE14F6-B3E6-4A56-82A0-112E28075F23}.Debug|Any CPU.ActiveCfg = Debug|Any CPU
		{D3EE14F6-B3E6-4A56-82A0-112E28075F23}.Debug|Any CPU.Build.0 = Debug|Any CPU
		{D3EE14F6-B3E6-4A56-82A0-112E28075F23}.Release|Any CPU.ActiveCfg = Release|Any CPU
		{D3EE14F6-B3E6-4A56-82A0-112E28075F23}.Release|Any CPU.Build.0 = Release|Any CPU
		{56675648-7A05-45F5-9759-DF66697F6D4C}.Debug|Any CPU.ActiveCfg = Debug|Any CPU
		{56675648-7A05-45F5-9759-DF66697F6D4C}.Debug|Any CPU.Build.0 = Debug|Any CPU
		{56675648-7A05-45F5-9759-DF66697F6D4C}.Release|Any CPU.ActiveCfg = Release|Any CPU
		{56675648-7A05-45F5-9759-DF66697F6D4C}.Release|Any CPU.Build.0 = Release|Any CPU
	EndGlobalSection
	GlobalSection(SolutionProperties) = preSolution
		HideSolutionNode = FALSE
	EndGlobalSection
	GlobalSection(NestedProjects) = preSolution
		{A228970C-5F2B-4B2F-93E3-8B7BD73C8C22} = {99A43C70-7F2D-41BA-9FB4-D262470CF43A}
		{52E98656-8941-42D2-89B1-E164220BC0B4} = {99A43C70-7F2D-41BA-9FB4-D262470CF43A}
		{50F87629-C036-4A65-96F4-87F6830EBA8B} = {99A43C70-7F2D-41BA-9FB4-D262470CF43A}
		{8A130FFA-3B9C-4066-8279-60C6C0D46315} = {113E6007-A53C-4DD2-AD39-B5D50BDB0D5E}
		{D3EE14F6-B3E6-4A56-82A0-112E28075F23} = {715273BD-9636-4542-B32C-CC9C0CE9A0C0}
		{56675648-7A05-45F5-9759-DF66697F6D4C} = {715273BD-9636-4542-B32C-CC9C0CE9A0C0}
	EndGlobalSection
	GlobalSection(ExtensibilityGlobals) = postSolution
		SolutionGuid = {08C8945E-DF59-422C-9818-79A6C8763E89}
	EndGlobalSection
EndGlobal
